
Microsoft Visual Studio Solution File, Format Version 12.00
# Visual Studio Version 16
VisualStudioVersion = 16.0.29102.190
MinimumVisualStudioVersion = 10.0.40219.1
Project("{FAE04EC0-301F-11D3-BF4B-00C04F79EFBC}") = "class2practice", "class2practice\class2practice.csproj", "{C5CE842D-5687-4B35-A59B-3DCC4A2AD9DD}"
EndProject
Global
	GlobalSection(SolutionConfigurationPlatforms) = preSolution
		Debug|Any CPU = Debug|Any CPU
		Release|Any CPU = Release|Any CPU
	EndGlobalSection
	GlobalSection(ProjectConfigurationPlatforms) = postSolution
		{C5CE842D-5687-4B35-A59B-3DCC4A2AD9DD}.Debug|Any CPU.ActiveCfg = Debug|Any CPU
		{C5CE842D-5687-4B35-A59B-3DCC4A2AD9DD}.Debug|Any CPU.Build.0 = Debug|Any CPU
		{C5CE842D-5687-4B35-A59B-3DCC4A2AD9DD}.Release|Any CPU.ActiveCfg = Release|Any CPU
		{C5CE842D-5687-4B35-A59B-3DCC4A2AD9DD}.Release|Any CPU.Build.0 = Release|Any CPU
	EndGlobalSection
	GlobalSection(SolutionProperties) = preSolution
		HideSolutionNode = FALSE
	EndGlobalSection
	GlobalSection(ExtensibilityGlobals) = postSolution
		SolutionGuid = {B3D2C9D3-9A6B-4091-858F-269E994138C6}
	EndGlobalSection
EndGlobal
