
Microsoft Visual Studio Solution File, Format Version 12.00
# Visual Studio Version 16
VisualStudioVersion = 16.0.29102.190
MinimumVisualStudioVersion = 10.0.40219.1
Project("{FAE04EC0-301F-11D3-BF4B-00C04F79EFBC}") = "Class3", "Class3\Class3.csproj", "{A201C740-1B42-4223-A9B1-6F66B6E14BC4}"
EndProject
Global
	GlobalSection(SolutionConfigurationPlatforms) = preSolution
		Debug|Any CPU = Debug|Any CPU
		Release|Any CPU = Release|Any CPU
	EndGlobalSection
	GlobalSection(ProjectConfigurationPlatforms) = postSolution
		{A201C740-1B42-4223-A9B1-6F66B6E14BC4}.Debug|Any CPU.ActiveCfg = Debug|Any CPU
		{A201C740-1B42-4223-A9B1-6F66B6E14BC4}.Debug|Any CPU.Build.0 = Debug|Any CPU
		{A201C740-1B42-4223-A9B1-6F66B6E14BC4}.Release|Any CPU.ActiveCfg = Release|Any CPU
		{A201C740-1B42-4223-A9B1-6F66B6E14BC4}.Release|Any CPU.Build.0 = Release|Any CPU
	EndGlobalSection
	GlobalSection(SolutionProperties) = preSolution
		HideSolutionNode = FALSE
	EndGlobalSection
	GlobalSection(ExtensibilityGlobals) = postSolution
		SolutionGuid = {B517F3FE-FD20-4FD6-8F06-54049B0D3EAD}
	EndGlobalSection
EndGlobal
